
Microsoft Visual Studio Solution File, Format Version 12.00
# Visual Studio Version 16
VisualStudioVersion = 16.0.30225.117
MinimumVisualStudioVersion = 10.0.40219.1
Project("{2150E333-8FDC-42A3-9474-1A3956D46DE8}") = "DeviceRegistration", "DeviceRegistration", "{C22E68AF-6C57-4E21-AF84-606600E4259B}"
EndProject
Project("{2150E333-8FDC-42A3-9474-1A3956D46DE8}") = "Core", "Core", "{0C7E591B-5532-4F7C-B473-034EDF74F793}"
EndProject
Project("{2150E333-8FDC-42A3-9474-1A3956D46DE8}") = "DigitalTwin", "DigitalTwin", "{DAA77D8F-8C6A-4BC2-87F8-D252803846E5}"
EndProject
Project("{2150E333-8FDC-42A3-9474-1A3956D46DE8}") = "Storage", "Storage", "{198F0E78-7F82-4D3A-8527-F29DFED4D339}"
EndProject
Project("{2150E333-8FDC-42A3-9474-1A3956D46DE8}") = "MySql", "MySql", "{740CC6B4-EAE9-4C86-B394-6B70001E21B2}"
EndProject
Project("{2150E333-8FDC-42A3-9474-1A3956D46DE8}") = "Tests", "Tests", "{8B0E3302-7E5C-4880-A5B0-2A6A291FEBE6}"
EndProject
Project("{2150E333-8FDC-42A3-9474-1A3956D46DE8}") = "Utilities", "Utilities", "{6A6AFA1D-5F63-481F-98A8-7EC34E23514F}"
EndProject
Project("{2150E333-8FDC-42A3-9474-1A3956D46DE8}") = "Admin", "Admin", "{EA5956F6-24AD-4D4F-A9C1-52E63466884A}"
EndProject
Project("{2150E333-8FDC-42A3-9474-1A3956D46DE8}") = "DigitalTwin", "DigitalTwin", "{DFF7CCF6-B18A-46ED-9DC9-D8AA3F4668AD}"
EndProject
Project("{9A19103F-16F7-4668-BE54-9A1E7A4F7556}") = "Trac.DeviceEvents.FuncApp", "Trac.DeviceTelemetry.FuncApp\Trac.DeviceEvents.FuncApp.csproj", "{CA982CF1-375D-4928-AC1A-2C8A4B6971AD}"
EndProject
Project("{9A19103F-16F7-4668-BE54-9A1E7A4F7556}") = "Trac.Core.ADT.Common", "Trac.Core.ADT.Common\Trac.Core.ADT.Common.csproj", "{5C8FFDA6-6AD3-4FF3-8D34-1A8623D3AC84}"
EndProject
Project("{9A19103F-16F7-4668-BE54-9A1E7A4F7556}") = "Trac.Core.ADT.Manager", "Trac.Core.ADT.Manager\Trac.Core.ADT.Manager.csproj", "{D233E558-F4A9-4780-990F-2100E031BD9A}"
EndProject
Project("{9A19103F-16F7-4668-BE54-9A1E7A4F7556}") = "Trac.Core.DeviceManagement.API", "Trac.Core.DeviceManagement.API\Trac.Core.DeviceManagement.API.csproj", "{D558CABA-18E7-474F-B879-3311C7ABD2AA}"
EndProject
Project("{9A19103F-16F7-4668-BE54-9A1E7A4F7556}") = "Trac.Core.Common.Configuration", "Trac.Core.Common.Configuration\Trac.Core.Common.Configuration.csproj", "{6F13C305-4B43-48A5-A658-E1CCC8042AAD}"
EndProject
Project("{9A19103F-16F7-4668-BE54-9A1E7A4F7556}") = "Trac.Core.SpaceModelling.API", "Trac.Core.SpaceModelling.API\Trac.Core.SpaceModelling.API.csproj", "{B2734C67-7694-4EE7-8FB4-F2944FDCCFA6}"
EndProject
Project("{9A19103F-16F7-4668-BE54-9A1E7A4F7556}") = "Trac.BulkDeviceManagement.FuncApp", "Trac.BulkDeviceRegistration.FuncApp\Trac.BulkDeviceManagement.FuncApp.csproj", "{CADF9F33-B827-4857-AD64-F0DA326BDE9B}"
EndProject
Project("{9A19103F-16F7-4668-BE54-9A1E7A4F7556}") = "Trac.Core.Common", "Trac.Core.Common\Trac.Core.Common.csproj", "{663EA2ED-2A98-4458-B0D4-371FD94AB703}"
EndProject
Project("{2150E333-8FDC-42A3-9474-1A3956D46DE8}") = "DM", "DM", "{4854C9C0-7EB9-4640-A6EB-830073D242A9}"
EndProject
Project("{9A19103F-16F7-4668-BE54-9A1E7A4F7556}") = "Trac.Core.DM.Manager", "Trac.Core.DM.Manager\Trac.Core.DM.Manager.csproj", "{EBBCB8BA-2A8D-4549-9B3F-AEED208BC9A9}"
EndProject
Project("{9A19103F-16F7-4668-BE54-9A1E7A4F7556}") = "Trac.Core.Messaging", "Trac.Core.Messaging\Trac.Core.Messaging.csproj", "{22F1427A-D279-47F9-81B0-9BBE507D2C4D}"
EndProject
Project("{2150E333-8FDC-42A3-9474-1A3956D46DE8}") = "Telemetry", "Telemetry", "{D33605BE-5BD8-4ACB-93DF-38A4BD6050B9}"
EndProject
Project("{9A19103F-16F7-4668-BE54-9A1E7A4F7556}") = "Trac.Cosmos.FuncApp", "Trac.Cosmos.FuncApp\Trac.Cosmos.FuncApp.csproj", "{CAD0FD10-6B63-4D52-8A3D-633E62E49774}"
EndProject
Project("{9A19103F-16F7-4668-BE54-9A1E7A4F7556}") = "Trac.Core.DM.DpsAdt.FuncApp", "Trac.Core.DM.ADTDevice.FuncApp\Trac.Core.DM.DpsAdt.FuncApp.csproj", "{AFBB75F3-789C-467A-AD17-5C289EAF5A9B}"
EndProject
Project("{9A19103F-16F7-4668-BE54-9A1E7A4F7556}") = "Trac.Device.Simulator.Console", "Trac.Tools.Simulator.Console\Trac.Device.Simulator.Console.csproj", "{B3853E16-DC86-4AC5-A2A3-128BAD87DB5A}"
EndProject
Global
	GlobalSection(SolutionConfigurationPlatforms) = preSolution
		Debug|Any CPU = Debug|Any CPU
		Debug|ARM = Debug|ARM
		Debug|iPhone = Debug|iPhone
		Debug|iPhoneSimulator = Debug|iPhoneSimulator
		Debug|x64 = Debug|x64
		Debug|x86 = Debug|x86
		Release|Any CPU = Release|Any CPU
		Release|ARM = Release|ARM
		Release|iPhone = Release|iPhone
		Release|iPhoneSimulator = Release|iPhoneSimulator
		Release|x64 = Release|x64
		Release|x86 = Release|x86
	EndGlobalSection
	GlobalSection(ProjectConfigurationPlatforms) = postSolution
		{CA982CF1-375D-4928-AC1A-2C8A4B6971AD}.Debug|Any CPU.ActiveCfg = Debug|Any CPU
		{CA982CF1-375D-4928-AC1A-2C8A4B6971AD}.Debug|Any CPU.Build.0 = Debug|Any CPU
		{CA982CF1-375D-4928-AC1A-2C8A4B6971AD}.Debug|ARM.ActiveCfg = Debug|Any CPU
		{CA982CF1-375D-4928-AC1A-2C8A4B6971AD}.Debug|ARM.Build.0 = Debug|Any CPU
		{CA982CF1-375D-4928-AC1A-2C8A4B6971AD}.Debug|iPhone.ActiveCfg = Debug|Any CPU
		{CA982CF1-375D-4928-AC1A-2C8A4B6971AD}.Debug|iPhone.Build.0 = Debug|Any CPU
		{CA982CF1-375D-4928-AC1A-2C8A4B6971AD}.Debug|iPhoneSimulator.ActiveCfg = Debug|Any CPU
		{CA982CF1-375D-4928-AC1A-2C8A4B6971AD}.Debug|iPhoneSimulator.Build.0 = Debug|Any CPU
		{CA982CF1-375D-4928-AC1A-2C8A4B6971AD}.Debug|x64.ActiveCfg = Debug|Any CPU
		{CA982CF1-375D-4928-AC1A-2C8A4B6971AD}.Debug|x64.Build.0 = Debug|Any CPU
		{CA982CF1-375D-4928-AC1A-2C8A4B6971AD}.Debug|x86.ActiveCfg = Debug|Any CPU
		{CA982CF1-375D-4928-AC1A-2C8A4B6971AD}.Debug|x86.Build.0 = Debug|Any CPU
		{CA982CF1-375D-4928-AC1A-2C8A4B6971AD}.Release|Any CPU.ActiveCfg = Release|Any CPU
		{CA982CF1-375D-4928-AC1A-2C8A4B6971AD}.Release|Any CPU.Build.0 = Release|Any CPU
		{CA982CF1-375D-4928-AC1A-2C8A4B6971AD}.Release|ARM.ActiveCfg = Release|Any CPU
		{CA982CF1-375D-4928-AC1A-2C8A4B6971AD}.Release|ARM.Build.0 = Release|Any CPU
		{CA982CF1-375D-4928-AC1A-2C8A4B6971AD}.Release|iPhone.ActiveCfg = Release|Any CPU
		{CA982CF1-375D-4928-AC1A-2C8A4B6971AD}.Release|iPhone.Build.0 = Release|Any CPU
		{CA982CF1-375D-4928-AC1A-2C8A4B6971AD}.Release|iPhoneSimulator.ActiveCfg = Release|Any CPU
		{CA982CF1-375D-4928-AC1A-2C8A4B6971AD}.Release|iPhoneSimulator.Build.0 = Release|Any CPU
		{CA982CF1-375D-4928-AC1A-2C8A4B6971AD}.Release|x64.ActiveCfg = Release|Any CPU
		{CA982CF1-375D-4928-AC1A-2C8A4B6971AD}.Release|x64.Build.0 = Release|Any CPU
		{CA982CF1-375D-4928-AC1A-2C8A4B6971AD}.Release|x86.ActiveCfg = Release|Any CPU
		{CA982CF1-375D-4928-AC1A-2C8A4B6971AD}.Release|x86.Build.0 = Release|Any CPU
		{5C8FFDA6-6AD3-4FF3-8D34-1A8623D3AC84}.Debug|Any CPU.ActiveCfg = Debug|Any CPU
		{5C8FFDA6-6AD3-4FF3-8D34-1A8623D3AC84}.Debug|Any CPU.Build.0 = Debug|Any CPU
		{5C8FFDA6-6AD3-4FF3-8D34-1A8623D3AC84}.Debug|ARM.ActiveCfg = Debug|Any CPU
		{5C8FFDA6-6AD3-4FF3-8D34-1A8623D3AC84}.Debug|ARM.Build.0 = Debug|Any CPU
		{5C8FFDA6-6AD3-4FF3-8D34-1A8623D3AC84}.Debug|iPhone.ActiveCfg = Debug|Any CPU
		{5C8FFDA6-6AD3-4FF3-8D34-1A8623D3AC84}.Debug|iPhone.Build.0 = Debug|Any CPU
		{5C8FFDA6-6AD3-4FF3-8D34-1A8623D3AC84}.Debug|iPhoneSimulator.ActiveCfg = Debug|Any CPU
		{5C8FFDA6-6AD3-4FF3-8D34-1A8623D3AC84}.Debug|iPhoneSimulator.Build.0 = Debug|Any CPU
		{5C8FFDA6-6AD3-4FF3-8D34-1A8623D3AC84}.Debug|x64.ActiveCfg = Debug|Any CPU
		{5C8FFDA6-6AD3-4FF3-8D34-1A8623D3AC84}.Debug|x64.Build.0 = Debug|Any CPU
		{5C8FFDA6-6AD3-4FF3-8D34-1A8623D3AC84}.Debug|x86.ActiveCfg = Debug|Any CPU
		{5C8FFDA6-6AD3-4FF3-8D34-1A8623D3AC84}.Debug|x86.Build.0 = Debug|Any CPU
		{5C8FFDA6-6AD3-4FF3-8D34-1A8623D3AC84}.Release|Any CPU.ActiveCfg = Release|Any CPU
		{5C8FFDA6-6AD3-4FF3-8D34-1A8623D3AC84}.Release|Any CPU.Build.0 = Release|Any CPU
		{5C8FFDA6-6AD3-4FF3-8D34-1A8623D3AC84}.Release|ARM.ActiveCfg = Release|Any CPU
		{5C8FFDA6-6AD3-4FF3-8D34-1A8623D3AC84}.Release|ARM.Build.0 = Release|Any CPU
		{5C8FFDA6-6AD3-4FF3-8D34-1A8623D3AC84}.Release|iPhone.ActiveCfg = Release|Any CPU
		{5C8FFDA6-6AD3-4FF3-8D34-1A8623D3AC84}.Release|iPhone.Build.0 = Release|Any CPU
		{5C8FFDA6-6AD3-4FF3-8D34-1A8623D3AC84}.Release|iPhoneSimulator.ActiveCfg = Release|Any CPU
		{5C8FFDA6-6AD3-4FF3-8D34-1A8623D3AC84}.Release|iPhoneSimulator.Build.0 = Release|Any CPU
		{5C8FFDA6-6AD3-4FF3-8D34-1A8623D3AC84}.Release|x64.ActiveCfg = Release|Any CPU
		{5C8FFDA6-6AD3-4FF3-8D34-1A8623D3AC84}.Release|x64.Build.0 = Release|Any CPU
		{5C8FFDA6-6AD3-4FF3-8D34-1A8623D3AC84}.Release|x86.ActiveCfg = Release|Any CPU
		{5C8FFDA6-6AD3-4FF3-8D34-1A8623D3AC84}.Release|x86.Build.0 = Release|Any CPU
		{D233E558-F4A9-4780-990F-2100E031BD9A}.Debug|Any CPU.ActiveCfg = Debug|Any CPU
		{D233E558-F4A9-4780-990F-2100E031BD9A}.Debug|Any CPU.Build.0 = Debug|Any CPU
		{D233E558-F4A9-4780-990F-2100E031BD9A}.Debug|ARM.ActiveCfg = Debug|Any CPU
		{D233E558-F4A9-4780-990F-2100E031BD9A}.Debug|ARM.Build.0 = Debug|Any CPU
		{D233E558-F4A9-4780-990F-2100E031BD9A}.Debug|iPhone.ActiveCfg = Debug|Any CPU
		{D233E558-F4A9-4780-990F-2100E031BD9A}.Debug|iPhone.Build.0 = Debug|Any CPU
		{D233E558-F4A9-4780-990F-2100E031BD9A}.Debug|iPhoneSimulator.ActiveCfg = Debug|Any CPU
		{D233E558-F4A9-4780-990F-2100E031BD9A}.Debug|iPhoneSimulator.Build.0 = Debug|Any CPU
		{D233E558-F4A9-4780-990F-2100E031BD9A}.Debug|x64.ActiveCfg = Debug|Any CPU
		{D233E558-F4A9-4780-990F-2100E031BD9A}.Debug|x64.Build.0 = Debug|Any CPU
		{D233E558-F4A9-4780-990F-2100E031BD9A}.Debug|x86.ActiveCfg = Debug|Any CPU
		{D233E558-F4A9-4780-990F-2100E031BD9A}.Debug|x86.Build.0 = Debug|Any CPU
		{D233E558-F4A9-4780-990F-2100E031BD9A}.Release|Any CPU.ActiveCfg = Release|Any CPU
		{D233E558-F4A9-4780-990F-2100E031BD9A}.Release|Any CPU.Build.0 = Release|Any CPU
		{D233E558-F4A9-4780-990F-2100E031BD9A}.Release|ARM.ActiveCfg = Release|Any CPU
		{D233E558-F4A9-4780-990F-2100E031BD9A}.Release|ARM.Build.0 = Release|Any CPU
		{D233E558-F4A9-4780-990F-2100E031BD9A}.Release|iPhone.ActiveCfg = Release|Any CPU
		{D233E558-F4A9-4780-990F-2100E031BD9A}.Release|iPhone.Build.0 = Release|Any CPU
		{D233E558-F4A9-4780-990F-2100E031BD9A}.Release|iPhoneSimulator.ActiveCfg = Release|Any CPU
		{D233E558-F4A9-4780-990F-2100E031BD9A}.Release|iPhoneSimulator.Build.0 = Release|Any CPU
		{D233E558-F4A9-4780-990F-2100E031BD9A}.Release|x64.ActiveCfg = Release|Any CPU
		{D233E558-F4A9-4780-990F-2100E031BD9A}.Release|x64.Build.0 = Release|Any CPU
		{D233E558-F4A9-4780-990F-2100E031BD9A}.Release|x86.ActiveCfg = Release|Any CPU
		{D233E558-F4A9-4780-990F-2100E031BD9A}.Release|x86.Build.0 = Release|Any CPU
		{D558CABA-18E7-474F-B879-3311C7ABD2AA}.Debug|Any CPU.ActiveCfg = Debug|Any CPU
		{D558CABA-18E7-474F-B879-3311C7ABD2AA}.Debug|Any CPU.Build.0 = Debug|Any CPU
		{D558CABA-18E7-474F-B879-3311C7ABD2AA}.Debug|ARM.ActiveCfg = Debug|Any CPU
		{D558CABA-18E7-474F-B879-3311C7ABD2AA}.Debug|ARM.Build.0 = Debug|Any CPU
		{D558CABA-18E7-474F-B879-3311C7ABD2AA}.Debug|iPhone.ActiveCfg = Debug|Any CPU
		{D558CABA-18E7-474F-B879-3311C7ABD2AA}.Debug|iPhone.Build.0 = Debug|Any CPU
		{D558CABA-18E7-474F-B879-3311C7ABD2AA}.Debug|iPhoneSimulator.ActiveCfg = Debug|Any CPU
		{D558CABA-18E7-474F-B879-3311C7ABD2AA}.Debug|iPhoneSimulator.Build.0 = Debug|Any CPU
		{D558CABA-18E7-474F-B879-3311C7ABD2AA}.Debug|x64.ActiveCfg = Debug|Any CPU
		{D558CABA-18E7-474F-B879-3311C7ABD2AA}.Debug|x64.Build.0 = Debug|Any CPU
		{D558CABA-18E7-474F-B879-3311C7ABD2AA}.Debug|x86.ActiveCfg = Debug|Any CPU
		{D558CABA-18E7-474F-B879-3311C7ABD2AA}.Debug|x86.Build.0 = Debug|Any CPU
		{D558CABA-18E7-474F-B879-3311C7ABD2AA}.Release|Any CPU.ActiveCfg = Release|Any CPU
		{D558CABA-18E7-474F-B879-3311C7ABD2AA}.Release|Any CPU.Build.0 = Release|Any CPU
		{D558CABA-18E7-474F-B879-3311C7ABD2AA}.Release|ARM.ActiveCfg = Release|Any CPU
		{D558CABA-18E7-474F-B879-3311C7ABD2AA}.Release|ARM.Build.0 = Release|Any CPU
		{D558CABA-18E7-474F-B879-3311C7ABD2AA}.Release|iPhone.ActiveCfg = Release|Any CPU
		{D558CABA-18E7-474F-B879-3311C7ABD2AA}.Release|iPhone.Build.0 = Release|Any CPU
		{D558CABA-18E7-474F-B879-3311C7ABD2AA}.Release|iPhoneSimulator.ActiveCfg = Release|Any CPU
		{D558CABA-18E7-474F-B879-3311C7ABD2AA}.Release|iPhoneSimulator.Build.0 = Release|Any CPU
		{D558CABA-18E7-474F-B879-3311C7ABD2AA}.Release|x64.ActiveCfg = Release|Any CPU
		{D558CABA-18E7-474F-B879-3311C7ABD2AA}.Release|x64.Build.0 = Release|Any CPU
		{D558CABA-18E7-474F-B879-3311C7ABD2AA}.Release|x86.ActiveCfg = Release|Any CPU
		{D558CABA-18E7-474F-B879-3311C7ABD2AA}.Release|x86.Build.0 = Release|Any CPU
		{6F13C305-4B43-48A5-A658-E1CCC8042AAD}.Debug|Any CPU.ActiveCfg = Debug|Any CPU
		{6F13C305-4B43-48A5-A658-E1CCC8042AAD}.Debug|Any CPU.Build.0 = Debug|Any CPU
		{6F13C305-4B43-48A5-A658-E1CCC8042AAD}.Debug|ARM.ActiveCfg = Debug|Any CPU
		{6F13C305-4B43-48A5-A658-E1CCC8042AAD}.Debug|ARM.Build.0 = Debug|Any CPU
		{6F13C305-4B43-48A5-A658-E1CCC8042AAD}.Debug|iPhone.ActiveCfg = Debug|Any CPU
		{6F13C305-4B43-48A5-A658-E1CCC8042AAD}.Debug|iPhone.Build.0 = Debug|Any CPU
		{6F13C305-4B43-48A5-A658-E1CCC8042AAD}.Debug|iPhoneSimulator.ActiveCfg = Debug|Any CPU
		{6F13C305-4B43-48A5-A658-E1CCC8042AAD}.Debug|iPhoneSimulator.Build.0 = Debug|Any CPU
		{6F13C305-4B43-48A5-A658-E1CCC8042AAD}.Debug|x64.ActiveCfg = Debug|Any CPU
		{6F13C305-4B43-48A5-A658-E1CCC8042AAD}.Debug|x64.Build.0 = Debug|Any CPU
		{6F13C305-4B43-48A5-A658-E1CCC8042AAD}.Debug|x86.ActiveCfg = Debug|Any CPU
		{6F13C305-4B43-48A5-A658-E1CCC8042AAD}.Debug|x86.Build.0 = Debug|Any CPU
		{6F13C305-4B43-48A5-A658-E1CCC8042AAD}.Release|Any CPU.ActiveCfg = Release|Any CPU
		{6F13C305-4B43-48A5-A658-E1CCC8042AAD}.Release|Any CPU.Build.0 = Release|Any CPU
		{6F13C305-4B43-48A5-A658-E1CCC8042AAD}.Release|ARM.ActiveCfg = Release|Any CPU
		{6F13C305-4B43-48A5-A658-E1CCC8042AAD}.Release|ARM.Build.0 = Release|Any CPU
		{6F13C305-4B43-48A5-A658-E1CCC8042AAD}.Release|iPhone.ActiveCfg = Release|Any CPU
		{6F13C305-4B43-48A5-A658-E1CCC8042AAD}.Release|iPhone.Build.0 = Release|Any CPU
		{6F13C305-4B43-48A5-A658-E1CCC8042AAD}.Release|iPhoneSimulator.ActiveCfg = Release|Any CPU
		{6F13C305-4B43-48A5-A658-E1CCC8042AAD}.Release|iPhoneSimulator.Build.0 = Release|Any CPU
		{6F13C305-4B43-48A5-A658-E1CCC8042AAD}.Release|x64.ActiveCfg = Release|Any CPU
		{6F13C305-4B43-48A5-A658-E1CCC8042AAD}.Release|x64.Build.0 = Release|Any CPU
		{6F13C305-4B43-48A5-A658-E1CCC8042AAD}.Release|x86.ActiveCfg = Release|Any CPU
		{6F13C305-4B43-48A5-A658-E1CCC8042AAD}.Release|x86.Build.0 = Release|Any CPU
		{B2734C67-7694-4EE7-8FB4-F2944FDCCFA6}.Debug|Any CPU.ActiveCfg = Debug|Any CPU
		{B2734C67-7694-4EE7-8FB4-F2944FDCCFA6}.Debug|Any CPU.Build.0 = Debug|Any CPU
		{B2734C67-7694-4EE7-8FB4-F2944FDCCFA6}.Debug|ARM.ActiveCfg = Debug|Any CPU
		{B2734C67-7694-4EE7-8FB4-F2944FDCCFA6}.Debug|ARM.Build.0 = Debug|Any CPU
		{B2734C67-7694-4EE7-8FB4-F2944FDCCFA6}.Debug|iPhone.ActiveCfg = Debug|Any CPU
		{B2734C67-7694-4EE7-8FB4-F2944FDCCFA6}.Debug|iPhone.Build.0 = Debug|Any CPU
		{B2734C67-7694-4EE7-8FB4-F2944FDCCFA6}.Debug|iPhoneSimulator.ActiveCfg = Debug|Any CPU
		{B2734C67-7694-4EE7-8FB4-F2944FDCCFA6}.Debug|iPhoneSimulator.Build.0 = Debug|Any CPU
		{B2734C67-7694-4EE7-8FB4-F2944FDCCFA6}.Debug|x64.ActiveCfg = Debug|Any CPU
		{B2734C67-7694-4EE7-8FB4-F2944FDCCFA6}.Debug|x64.Build.0 = Debug|Any CPU
		{B2734C67-7694-4EE7-8FB4-F2944FDCCFA6}.Debug|x86.ActiveCfg = Debug|Any CPU
		{B2734C67-7694-4EE7-8FB4-F2944FDCCFA6}.Debug|x86.Build.0 = Debug|Any CPU
		{B2734C67-7694-4EE7-8FB4-F2944FDCCFA6}.Release|Any CPU.ActiveCfg = Release|Any CPU
		{B2734C67-7694-4EE7-8FB4-F2944FDCCFA6}.Release|Any CPU.Build.0 = Release|Any CPU
		{B2734C67-7694-4EE7-8FB4-F2944FDCCFA6}.Release|ARM.ActiveCfg = Release|Any CPU
		{B2734C67-7694-4EE7-8FB4-F2944FDCCFA6}.Release|ARM.Build.0 = Release|Any CPU
		{B2734C67-7694-4EE7-8FB4-F2944FDCCFA6}.Release|iPhone.ActiveCfg = Release|Any CPU
		{B2734C67-7694-4EE7-8FB4-F2944FDCCFA6}.Release|iPhone.Build.0 = Release|Any CPU
		{B2734C67-7694-4EE7-8FB4-F2944FDCCFA6}.Release|iPhoneSimulator.ActiveCfg = Release|Any CPU
		{B2734C67-7694-4EE7-8FB4-F2944FDCCFA6}.Release|iPhoneSimulator.Build.0 = Release|Any CPU
		{B2734C67-7694-4EE7-8FB4-F2944FDCCFA6}.Release|x64.ActiveCfg = Release|Any CPU
		{B2734C67-7694-4EE7-8FB4-F2944FDCCFA6}.Release|x64.Build.0 = Release|Any CPU
		{B2734C67-7694-4EE7-8FB4-F2944FDCCFA6}.Release|x86.ActiveCfg = Release|Any CPU
		{B2734C67-7694-4EE7-8FB4-F2944FDCCFA6}.Release|x86.Build.0 = Release|Any CPU
		{CADF9F33-B827-4857-AD64-F0DA326BDE9B}.Debug|Any CPU.ActiveCfg = Debug|Any CPU
		{CADF9F33-B827-4857-AD64-F0DA326BDE9B}.Debug|Any CPU.Build.0 = Debug|Any CPU
		{CADF9F33-B827-4857-AD64-F0DA326BDE9B}.Debug|ARM.ActiveCfg = Debug|Any CPU
		{CADF9F33-B827-4857-AD64-F0DA326BDE9B}.Debug|ARM.Build.0 = Debug|Any CPU
		{CADF9F33-B827-4857-AD64-F0DA326BDE9B}.Debug|iPhone.ActiveCfg = Debug|Any CPU
		{CADF9F33-B827-4857-AD64-F0DA326BDE9B}.Debug|iPhone.Build.0 = Debug|Any CPU
		{CADF9F33-B827-4857-AD64-F0DA326BDE9B}.Debug|iPhoneSimulator.ActiveCfg = Debug|Any CPU
		{CADF9F33-B827-4857-AD64-F0DA326BDE9B}.Debug|iPhoneSimulator.Build.0 = Debug|Any CPU
		{CADF9F33-B827-4857-AD64-F0DA326BDE9B}.Debug|x64.ActiveCfg = Debug|Any CPU
		{CADF9F33-B827-4857-AD64-F0DA326BDE9B}.Debug|x64.Build.0 = Debug|Any CPU
		{CADF9F33-B827-4857-AD64-F0DA326BDE9B}.Debug|x86.ActiveCfg = Debug|Any CPU
		{CADF9F33-B827-4857-AD64-F0DA326BDE9B}.Debug|x86.Build.0 = Debug|Any CPU
		{CADF9F33-B827-4857-AD64-F0DA326BDE9B}.Release|Any CPU.ActiveCfg = Release|Any CPU
		{CADF9F33-B827-4857-AD64-F0DA326BDE9B}.Release|Any CPU.Build.0 = Release|Any CPU
		{CADF9F33-B827-4857-AD64-F0DA326BDE9B}.Release|ARM.ActiveCfg = Release|Any CPU
		{CADF9F33-B827-4857-AD64-F0DA326BDE9B}.Release|ARM.Build.0 = Release|Any CPU
		{CADF9F33-B827-4857-AD64-F0DA326BDE9B}.Release|iPhone.ActiveCfg = Release|Any CPU
		{CADF9F33-B827-4857-AD64-F0DA326BDE9B}.Release|iPhone.Build.0 = Release|Any CPU
		{CADF9F33-B827-4857-AD64-F0DA326BDE9B}.Release|iPhoneSimulator.ActiveCfg = Release|Any CPU
		{CADF9F33-B827-4857-AD64-F0DA326BDE9B}.Release|iPhoneSimulator.Build.0 = Release|Any CPU
		{CADF9F33-B827-4857-AD64-F0DA326BDE9B}.Release|x64.ActiveCfg = Release|Any CPU
		{CADF9F33-B827-4857-AD64-F0DA326BDE9B}.Release|x64.Build.0 = Release|Any CPU
		{CADF9F33-B827-4857-AD64-F0DA326BDE9B}.Release|x86.ActiveCfg = Release|Any CPU
		{CADF9F33-B827-4857-AD64-F0DA326BDE9B}.Release|x86.Build.0 = Release|Any CPU
		{663EA2ED-2A98-4458-B0D4-371FD94AB703}.Debug|Any CPU.ActiveCfg = Debug|Any CPU
		{663EA2ED-2A98-4458-B0D4-371FD94AB703}.Debug|Any CPU.Build.0 = Debug|Any CPU
		{663EA2ED-2A98-4458-B0D4-371FD94AB703}.Debug|ARM.ActiveCfg = Debug|Any CPU
		{663EA2ED-2A98-4458-B0D4-371FD94AB703}.Debug|ARM.Build.0 = Debug|Any CPU
		{663EA2ED-2A98-4458-B0D4-371FD94AB703}.Debug|iPhone.ActiveCfg = Debug|Any CPU
		{663EA2ED-2A98-4458-B0D4-371FD94AB703}.Debug|iPhone.Build.0 = Debug|Any CPU
		{663EA2ED-2A98-4458-B0D4-371FD94AB703}.Debug|iPhoneSimulator.ActiveCfg = Debug|Any CPU
		{663EA2ED-2A98-4458-B0D4-371FD94AB703}.Debug|iPhoneSimulator.Build.0 = Debug|Any CPU
		{663EA2ED-2A98-4458-B0D4-371FD94AB703}.Debug|x64.ActiveCfg = Debug|Any CPU
		{663EA2ED-2A98-4458-B0D4-371FD94AB703}.Debug|x64.Build.0 = Debug|Any CPU
		{663EA2ED-2A98-4458-B0D4-371FD94AB703}.Debug|x86.ActiveCfg = Debug|Any CPU
		{663EA2ED-2A98-4458-B0D4-371FD94AB703}.Debug|x86.Build.0 = Debug|Any CPU
		{663EA2ED-2A98-4458-B0D4-371FD94AB703}.Release|Any CPU.ActiveCfg = Release|Any CPU
		{663EA2ED-2A98-4458-B0D4-371FD94AB703}.Release|Any CPU.Build.0 = Release|Any CPU
		{663EA2ED-2A98-4458-B0D4-371FD94AB703}.Release|ARM.ActiveCfg = Release|Any CPU
		{663EA2ED-2A98-4458-B0D4-371FD94AB703}.Release|ARM.Build.0 = Release|Any CPU
		{663EA2ED-2A98-4458-B0D4-371FD94AB703}.Release|iPhone.ActiveCfg = Release|Any CPU
		{663EA2ED-2A98-4458-B0D4-371FD94AB703}.Release|iPhone.Build.0 = Release|Any CPU
		{663EA2ED-2A98-4458-B0D4-371FD94AB703}.Release|iPhoneSimulator.ActiveCfg = Release|Any CPU
		{663EA2ED-2A98-4458-B0D4-371FD94AB703}.Release|iPhoneSimulator.Build.0 = Release|Any CPU
		{663EA2ED-2A98-4458-B0D4-371FD94AB703}.Release|x64.ActiveCfg = Release|Any CPU
		{663EA2ED-2A98-4458-B0D4-371FD94AB703}.Release|x64.Build.0 = Release|Any CPU
		{663EA2ED-2A98-4458-B0D4-371FD94AB703}.Release|x86.ActiveCfg = Release|Any CPU
		{663EA2ED-2A98-4458-B0D4-371FD94AB703}.Release|x86.Build.0 = Release|Any CPU
		{EBBCB8BA-2A8D-4549-9B3F-AEED208BC9A9}.Debug|Any CPU.ActiveCfg = Debug|Any CPU
		{EBBCB8BA-2A8D-4549-9B3F-AEED208BC9A9}.Debug|Any CPU.Build.0 = Debug|Any CPU
		{EBBCB8BA-2A8D-4549-9B3F-AEED208BC9A9}.Debug|ARM.ActiveCfg = Debug|Any CPU
		{EBBCB8BA-2A8D-4549-9B3F-AEED208BC9A9}.Debug|ARM.Build.0 = Debug|Any CPU
		{EBBCB8BA-2A8D-4549-9B3F-AEED208BC9A9}.Debug|iPhone.ActiveCfg = Debug|Any CPU
		{EBBCB8BA-2A8D-4549-9B3F-AEED208BC9A9}.Debug|iPhone.Build.0 = Debug|Any CPU
		{EBBCB8BA-2A8D-4549-9B3F-AEED208BC9A9}.Debug|iPhoneSimulator.ActiveCfg = Debug|Any CPU
		{EBBCB8BA-2A8D-4549-9B3F-AEED208BC9A9}.Debug|iPhoneSimulator.Build.0 = Debug|Any CPU
		{EBBCB8BA-2A8D-4549-9B3F-AEED208BC9A9}.Debug|x64.ActiveCfg = Debug|Any CPU
		{EBBCB8BA-2A8D-4549-9B3F-AEED208BC9A9}.Debug|x64.Build.0 = Debug|Any CPU
		{EBBCB8BA-2A8D-4549-9B3F-AEED208BC9A9}.Debug|x86.ActiveCfg = Debug|Any CPU
		{EBBCB8BA-2A8D-4549-9B3F-AEED208BC9A9}.Debug|x86.Build.0 = Debug|Any CPU
		{EBBCB8BA-2A8D-4549-9B3F-AEED208BC9A9}.Release|Any CPU.ActiveCfg = Release|Any CPU
		{EBBCB8BA-2A8D-4549-9B3F-AEED208BC9A9}.Release|Any CPU.Build.0 = Release|Any CPU
		{EBBCB8BA-2A8D-4549-9B3F-AEED208BC9A9}.Release|ARM.ActiveCfg = Release|Any CPU
		{EBBCB8BA-2A8D-4549-9B3F-AEED208BC9A9}.Release|ARM.Build.0 = Release|Any CPU
		{EBBCB8BA-2A8D-4549-9B3F-AEED208BC9A9}.Release|iPhone.ActiveCfg = Release|Any CPU
		{EBBCB8BA-2A8D-4549-9B3F-AEED208BC9A9}.Release|iPhone.Build.0 = Release|Any CPU
		{EBBCB8BA-2A8D-4549-9B3F-AEED208BC9A9}.Release|iPhoneSimulator.ActiveCfg = Release|Any CPU
		{EBBCB8BA-2A8D-4549-9B3F-AEED208BC9A9}.Release|iPhoneSimulator.Build.0 = Release|Any CPU
		{EBBCB8BA-2A8D-4549-9B3F-AEED208BC9A9}.Release|x64.ActiveCfg = Release|Any CPU
		{EBBCB8BA-2A8D-4549-9B3F-AEED208BC9A9}.Release|x64.Build.0 = Release|Any CPU
		{EBBCB8BA-2A8D-4549-9B3F-AEED208BC9A9}.Release|x86.ActiveCfg = Release|Any CPU
		{EBBCB8BA-2A8D-4549-9B3F-AEED208BC9A9}.Release|x86.Build.0 = Release|Any CPU
		{22F1427A-D279-47F9-81B0-9BBE507D2C4D}.Debug|Any CPU.ActiveCfg = Debug|Any CPU
		{22F1427A-D279-47F9-81B0-9BBE507D2C4D}.Debug|Any CPU.Build.0 = Debug|Any CPU
		{22F1427A-D279-47F9-81B0-9BBE507D2C4D}.Debug|ARM.ActiveCfg = Debug|Any CPU
		{22F1427A-D279-47F9-81B0-9BBE507D2C4D}.Debug|ARM.Build.0 = Debug|Any CPU
		{22F1427A-D279-47F9-81B0-9BBE507D2C4D}.Debug|iPhone.ActiveCfg = Debug|Any CPU
		{22F1427A-D279-47F9-81B0-9BBE507D2C4D}.Debug|iPhone.Build.0 = Debug|Any CPU
		{22F1427A-D279-47F9-81B0-9BBE507D2C4D}.Debug|iPhoneSimulator.ActiveCfg = Debug|Any CPU
		{22F1427A-D279-47F9-81B0-9BBE507D2C4D}.Debug|iPhoneSimulator.Build.0 = Debug|Any CPU
		{22F1427A-D279-47F9-81B0-9BBE507D2C4D}.Debug|x64.ActiveCfg = Debug|Any CPU
		{22F1427A-D279-47F9-81B0-9BBE507D2C4D}.Debug|x64.Build.0 = Debug|Any CPU
		{22F1427A-D279-47F9-81B0-9BBE507D2C4D}.Debug|x86.ActiveCfg = Debug|Any CPU
		{22F1427A-D279-47F9-81B0-9BBE507D2C4D}.Debug|x86.Build.0 = Debug|Any CPU
		{22F1427A-D279-47F9-81B0-9BBE507D2C4D}.Release|Any CPU.ActiveCfg = Release|Any CPU
		{22F1427A-D279-47F9-81B0-9BBE507D2C4D}.Release|Any CPU.Build.0 = Release|Any CPU
		{22F1427A-D279-47F9-81B0-9BBE507D2C4D}.Release|ARM.ActiveCfg = Release|Any CPU
		{22F1427A-D279-47F9-81B0-9BBE507D2C4D}.Release|ARM.Build.0 = Release|Any CPU
		{22F1427A-D279-47F9-81B0-9BBE507D2C4D}.Release|iPhone.ActiveCfg = Release|Any CPU
		{22F1427A-D279-47F9-81B0-9BBE507D2C4D}.Release|iPhone.Build.0 = Release|Any CPU
		{22F1427A-D279-47F9-81B0-9BBE507D2C4D}.Release|iPhoneSimulator.ActiveCfg = Release|Any CPU
		{22F1427A-D279-47F9-81B0-9BBE507D2C4D}.Release|iPhoneSimulator.Build.0 = Release|Any CPU
		{22F1427A-D279-47F9-81B0-9BBE507D2C4D}.Release|x64.ActiveCfg = Release|Any CPU
		{22F1427A-D279-47F9-81B0-9BBE507D2C4D}.Release|x64.Build.0 = Release|Any CPU
		{22F1427A-D279-47F9-81B0-9BBE507D2C4D}.Release|x86.ActiveCfg = Release|Any CPU
		{22F1427A-D279-47F9-81B0-9BBE507D2C4D}.Release|x86.Build.0 = Release|Any CPU
		{CAD0FD10-6B63-4D52-8A3D-633E62E49774}.Debug|Any CPU.ActiveCfg = Debug|Any CPU
		{CAD0FD10-6B63-4D52-8A3D-633E62E49774}.Debug|Any CPU.Build.0 = Debug|Any CPU
		{CAD0FD10-6B63-4D52-8A3D-633E62E49774}.Debug|ARM.ActiveCfg = Debug|Any CPU
		{CAD0FD10-6B63-4D52-8A3D-633E62E49774}.Debug|ARM.Build.0 = Debug|Any CPU
		{CAD0FD10-6B63-4D52-8A3D-633E62E49774}.Debug|iPhone.ActiveCfg = Debug|Any CPU
		{CAD0FD10-6B63-4D52-8A3D-633E62E49774}.Debug|iPhone.Build.0 = Debug|Any CPU
		{CAD0FD10-6B63-4D52-8A3D-633E62E49774}.Debug|iPhoneSimulator.ActiveCfg = Debug|Any CPU
		{CAD0FD10-6B63-4D52-8A3D-633E62E49774}.Debug|iPhoneSimulator.Build.0 = Debug|Any CPU
		{CAD0FD10-6B63-4D52-8A3D-633E62E49774}.Debug|x64.ActiveCfg = Debug|Any CPU
		{CAD0FD10-6B63-4D52-8A3D-633E62E49774}.Debug|x64.Build.0 = Debug|Any CPU
		{CAD0FD10-6B63-4D52-8A3D-633E62E49774}.Debug|x86.ActiveCfg = Debug|Any CPU
		{CAD0FD10-6B63-4D52-8A3D-633E62E49774}.Debug|x86.Build.0 = Debug|Any CPU
		{CAD0FD10-6B63-4D52-8A3D-633E62E49774}.Release|Any CPU.ActiveCfg = Release|Any CPU
		{CAD0FD10-6B63-4D52-8A3D-633E62E49774}.Release|Any CPU.Build.0 = Release|Any CPU
		{CAD0FD10-6B63-4D52-8A3D-633E62E49774}.Release|ARM.ActiveCfg = Release|Any CPU
		{CAD0FD10-6B63-4D52-8A3D-633E62E49774}.Release|ARM.Build.0 = Release|Any CPU
		{CAD0FD10-6B63-4D52-8A3D-633E62E49774}.Release|iPhone.ActiveCfg = Release|Any CPU
		{CAD0FD10-6B63-4D52-8A3D-633E62E49774}.Release|iPhone.Build.0 = Release|Any CPU
		{CAD0FD10-6B63-4D52-8A3D-633E62E49774}.Release|iPhoneSimulator.ActiveCfg = Release|Any CPU
		{CAD0FD10-6B63-4D52-8A3D-633E62E49774}.Release|iPhoneSimulator.Build.0 = Release|Any CPU
		{CAD0FD10-6B63-4D52-8A3D-633E62E49774}.Release|x64.ActiveCfg = Release|Any CPU
		{CAD0FD10-6B63-4D52-8A3D-633E62E49774}.Release|x64.Build.0 = Release|Any CPU
		{CAD0FD10-6B63-4D52-8A3D-633E62E49774}.Release|x86.ActiveCfg = Release|Any CPU
		{CAD0FD10-6B63-4D52-8A3D-633E62E49774}.Release|x86.Build.0 = Release|Any CPU
		{AFBB75F3-789C-467A-AD17-5C289EAF5A9B}.Debug|Any CPU.ActiveCfg = Debug|Any CPU
		{AFBB75F3-789C-467A-AD17-5C289EAF5A9B}.Debug|Any CPU.Build.0 = Debug|Any CPU
		{AFBB75F3-789C-467A-AD17-5C289EAF5A9B}.Debug|ARM.ActiveCfg = Debug|Any CPU
		{AFBB75F3-789C-467A-AD17-5C289EAF5A9B}.Debug|ARM.Build.0 = Debug|Any CPU
		{AFBB75F3-789C-467A-AD17-5C289EAF5A9B}.Debug|iPhone.ActiveCfg = Debug|Any CPU
		{AFBB75F3-789C-467A-AD17-5C289EAF5A9B}.Debug|iPhone.Build.0 = Debug|Any CPU
		{AFBB75F3-789C-467A-AD17-5C289EAF5A9B}.Debug|iPhoneSimulator.ActiveCfg = Debug|Any CPU
		{AFBB75F3-789C-467A-AD17-5C289EAF5A9B}.Debug|iPhoneSimulator.Build.0 = Debug|Any CPU
		{AFBB75F3-789C-467A-AD17-5C289EAF5A9B}.Debug|x64.ActiveCfg = Debug|Any CPU
		{AFBB75F3-789C-467A-AD17-5C289EAF5A9B}.Debug|x64.Build.0 = Debug|Any CPU
		{AFBB75F3-789C-467A-AD17-5C289EAF5A9B}.Debug|x86.ActiveCfg = Debug|Any CPU
		{AFBB75F3-789C-467A-AD17-5C289EAF5A9B}.Debug|x86.Build.0 = Debug|Any CPU
		{AFBB75F3-789C-467A-AD17-5C289EAF5A9B}.Release|Any CPU.ActiveCfg = Release|Any CPU
		{AFBB75F3-789C-467A-AD17-5C289EAF5A9B}.Release|Any CPU.Build.0 = Release|Any CPU
		{AFBB75F3-789C-467A-AD17-5C289EAF5A9B}.Release|ARM.ActiveCfg = Release|Any CPU
		{AFBB75F3-789C-467A-AD17-5C289EAF5A9B}.Release|ARM.Build.0 = Release|Any CPU
		{AFBB75F3-789C-467A-AD17-5C289EAF5A9B}.Release|iPhone.ActiveCfg = Release|Any CPU
		{AFBB75F3-789C-467A-AD17-5C289EAF5A9B}.Release|iPhone.Build.0 = Release|Any CPU
		{AFBB75F3-789C-467A-AD17-5C289EAF5A9B}.Release|iPhoneSimulator.ActiveCfg = Release|Any CPU
		{AFBB75F3-789C-467A-AD17-5C289EAF5A9B}.Release|iPhoneSimulator.Build.0 = Release|Any CPU
		{AFBB75F3-789C-467A-AD17-5C289EAF5A9B}.Release|x64.ActiveCfg = Release|Any CPU
		{AFBB75F3-789C-467A-AD17-5C289EAF5A9B}.Release|x64.Build.0 = Release|Any CPU
		{AFBB75F3-789C-467A-AD17-5C289EAF5A9B}.Release|x86.ActiveCfg = Release|Any CPU
		{AFBB75F3-789C-467A-AD17-5C289EAF5A9B}.Release|x86.Build.0 = Release|Any CPU
		{B3853E16-DC86-4AC5-A2A3-128BAD87DB5A}.Debug|Any CPU.ActiveCfg = Debug|Any CPU
		{B3853E16-DC86-4AC5-A2A3-128BAD87DB5A}.Debug|Any CPU.Build.0 = Debug|Any CPU
		{B3853E16-DC86-4AC5-A2A3-128BAD87DB5A}.Debug|ARM.ActiveCfg = Debug|Any CPU
		{B3853E16-DC86-4AC5-A2A3-128BAD87DB5A}.Debug|ARM.Build.0 = Debug|Any CPU
		{B3853E16-DC86-4AC5-A2A3-128BAD87DB5A}.Debug|iPhone.ActiveCfg = Debug|Any CPU
		{B3853E16-DC86-4AC5-A2A3-128BAD87DB5A}.Debug|iPhone.Build.0 = Debug|Any CPU
		{B3853E16-DC86-4AC5-A2A3-128BAD87DB5A}.Debug|iPhoneSimulator.ActiveCfg = Debug|Any CPU
		{B3853E16-DC86-4AC5-A2A3-128BAD87DB5A}.Debug|iPhoneSimulator.Build.0 = Debug|Any CPU
		{B3853E16-DC86-4AC5-A2A3-128BAD87DB5A}.Debug|x64.ActiveCfg = Debug|Any CPU
		{B3853E16-DC86-4AC5-A2A3-128BAD87DB5A}.Debug|x64.Build.0 = Debug|Any CPU
		{B3853E16-DC86-4AC5-A2A3-128BAD87DB5A}.Debug|x86.ActiveCfg = Debug|Any CPU
		{B3853E16-DC86-4AC5-A2A3-128BAD87DB5A}.Debug|x86.Build.0 = Debug|Any CPU
		{B3853E16-DC86-4AC5-A2A3-128BAD87DB5A}.Release|Any CPU.ActiveCfg = Release|Any CPU
		{B3853E16-DC86-4AC5-A2A3-128BAD87DB5A}.Release|Any CPU.Build.0 = Release|Any CPU
		{B3853E16-DC86-4AC5-A2A3-128BAD87DB5A}.Release|ARM.ActiveCfg = Release|Any CPU
		{B3853E16-DC86-4AC5-A2A3-128BAD87DB5A}.Release|ARM.Build.0 = Release|Any CPU
		{B3853E16-DC86-4AC5-A2A3-128BAD87DB5A}.Release|iPhone.ActiveCfg = Release|Any CPU
		{B3853E16-DC86-4AC5-A2A3-128BAD87DB5A}.Release|iPhone.Build.0 = Release|Any CPU
		{B3853E16-DC86-4AC5-A2A3-128BAD87DB5A}.Release|iPhoneSimulator.ActiveCfg = Release|Any CPU
		{B3853E16-DC86-4AC5-A2A3-128BAD87DB5A}.Release|iPhoneSimulator.Build.0 = Release|Any CPU
		{B3853E16-DC86-4AC5-A2A3-128BAD87DB5A}.Release|x64.ActiveCfg = Release|Any CPU
		{B3853E16-DC86-4AC5-A2A3-128BAD87DB5A}.Release|x64.Build.0 = Release|Any CPU
		{B3853E16-DC86-4AC5-A2A3-128BAD87DB5A}.Release|x86.ActiveCfg = Release|Any CPU
		{B3853E16-DC86-4AC5-A2A3-128BAD87DB5A}.Release|x86.Build.0 = Release|Any CPU
	EndGlobalSection
	GlobalSection(SolutionProperties) = preSolution
		HideSolutionNode = FALSE
	EndGlobalSection
	GlobalSection(NestedProjects) = preSolution
		{0C7E591B-5532-4F7C-B473-034EDF74F793} = {EA5956F6-24AD-4D4F-A9C1-52E63466884A}
		{740CC6B4-EAE9-4C86-B394-6B70001E21B2} = {198F0E78-7F82-4D3A-8527-F29DFED4D339}
		{DFF7CCF6-B18A-46ED-9DC9-D8AA3F4668AD} = {0C7E591B-5532-4F7C-B473-034EDF74F793}
		{CA982CF1-375D-4928-AC1A-2C8A4B6971AD} = {C22E68AF-6C57-4E21-AF84-606600E4259B}
		{5C8FFDA6-6AD3-4FF3-8D34-1A8623D3AC84} = {DFF7CCF6-B18A-46ED-9DC9-D8AA3F4668AD}
		{D233E558-F4A9-4780-990F-2100E031BD9A} = {DFF7CCF6-B18A-46ED-9DC9-D8AA3F4668AD}
		{D558CABA-18E7-474F-B879-3311C7ABD2AA} = {C22E68AF-6C57-4E21-AF84-606600E4259B}
		{6F13C305-4B43-48A5-A658-E1CCC8042AAD} = {0C7E591B-5532-4F7C-B473-034EDF74F793}
		{B2734C67-7694-4EE7-8FB4-F2944FDCCFA6} = {DAA77D8F-8C6A-4BC2-87F8-D252803846E5}
		{CADF9F33-B827-4857-AD64-F0DA326BDE9B} = {C22E68AF-6C57-4E21-AF84-606600E4259B}
		{663EA2ED-2A98-4458-B0D4-371FD94AB703} = {0C7E591B-5532-4F7C-B473-034EDF74F793}
		{4854C9C0-7EB9-4640-A6EB-830073D242A9} = {0C7E591B-5532-4F7C-B473-034EDF74F793}
		{EBBCB8BA-2A8D-4549-9B3F-AEED208BC9A9} = {4854C9C0-7EB9-4640-A6EB-830073D242A9}
		{22F1427A-D279-47F9-81B0-9BBE507D2C4D} = {0C7E591B-5532-4F7C-B473-034EDF74F793}
		{D33605BE-5BD8-4ACB-93DF-38A4BD6050B9} = {C22E68AF-6C57-4E21-AF84-606600E4259B}
		{CAD0FD10-6B63-4D52-8A3D-633E62E49774} = {D33605BE-5BD8-4ACB-93DF-38A4BD6050B9}
		{AFBB75F3-789C-467A-AD17-5C289EAF5A9B} = {4854C9C0-7EB9-4640-A6EB-830073D242A9}
		{B3853E16-DC86-4AC5-A2A3-128BAD87DB5A} = {6A6AFA1D-5F63-481F-98A8-7EC34E23514F}
	EndGlobalSection
	GlobalSection(ExtensibilityGlobals) = postSolution
		SolutionGuid = {FE734282-5BC6-41F5-BB5A-EC01137C9C64}
	EndGlobalSection
EndGlobal
